
Microsoft Visual Studio Solution File, Format Version 12.00
# Visual Studio Version 17
VisualStudioVersion = 17.0.31903.59
MinimumVisualStudioVersion = 10.0.40219.1
Project("{FAE04EC0-301F-11D3-BF4B-00C04F79EFBC}") = "SharpFM", "src\SharpFM\SharpFM.csproj", "{5245F468-DAD7-478C-8E5F-518A03664F71}"
EndProject
Project("{2150E333-8FDC-42A3-9474-1A3956D46DE8}") = "tests", "tests", "{E2FF2BB3-AF37-44BA-BD84-999B352D814E}"
EndProject
Project("{FAE04EC0-301F-11D3-BF4B-00C04F79EFBC}") = "SharpFM.Tests", "tests\SharpFM.Tests\SharpFM.Tests.csproj", "{5B228160-ECB9-4DFC-91D7-413AE9900617}"
EndProject
Project("{2150E333-8FDC-42A3-9474-1A3956D46DE8}") = "src", "src", "{1515B0F2-1419-4778-92A8-430A8B4931F7}"
EndProject
Project("{FAE04EC0-301F-11D3-BF4B-00C04F79EFBC}") = "SharpFM.Plugin", "src\SharpFM.Plugin\SharpFM.Plugin.csproj", "{2D7BC534-E63F-4FC2-84F1-62BC0E8A1395}"
EndProject
Project("{FAE04EC0-301F-11D3-BF4B-00C04F79EFBC}") = "SharpFM.Plugin.Sample", "src\SharpFM.Plugin.Sample\SharpFM.Plugin.Sample.csproj", "{0ACF3F64-A87C-487C-B780-B39327C1B801}"
EndProject
Project("{FAE04EC0-301F-11D3-BF4B-00C04F79EFBC}") = "SharpFM.Plugin.Tests", "tests\SharpFM.Plugin.Tests\SharpFM.Plugin.Tests.csproj", "{74337D8E-5EC6-4E5F-9E9E-F2B59E8ECABB}"
EndProject
Project("{FAE04EC0-301F-11D3-BF4B-00C04F79EFBC}") = "SharpFM.Plugin.XmlViewer", "src\SharpFM.Plugin.XmlViewer\SharpFM.Plugin.XmlViewer.csproj", "{E988ECF3-E096-4F29-88C0-27B50FD6C703}"
EndProject
Project("{FAE04EC0-301F-11D3-BF4B-00C04F79EFBC}") = "SharpFM.Model", "src\SharpFM.Model\SharpFM.Model.csproj", "{E0FF2DD8-E4B8-4495-92FA-F17AF9B78086}"
EndProject
Global
	GlobalSection(SolutionConfigurationPlatforms) = preSolution
		Debug|Any CPU = Debug|Any CPU
		Debug|x64 = Debug|x64
		Debug|x86 = Debug|x86
		Release|Any CPU = Release|Any CPU
		Release|x64 = Release|x64
		Release|x86 = Release|x86
	EndGlobalSection
	GlobalSection(ProjectConfigurationPlatforms) = postSolution
		{5245F468-DAD7-478C-8E5F-518A03664F71}.Debug|Any CPU.ActiveCfg = Debug|Any CPU
		{5245F468-DAD7-478C-8E5F-518A03664F71}.Debug|Any CPU.Build.0 = Debug|Any CPU
		{5245F468-DAD7-478C-8E5F-518A03664F71}.Debug|x64.ActiveCfg = Debug|Any CPU
		{5245F468-DAD7-478C-8E5F-518A03664F71}.Debug|x64.Build.0 = Debug|Any CPU
		{5245F468-DAD7-478C-8E5F-518A03664F71}.Debug|x86.ActiveCfg = Debug|Any CPU
		{5245F468-DAD7-478C-8E5F-518A03664F71}.Debug|x86.Build.0 = Debug|Any CPU
		{5245F468-DAD7-478C-8E5F-518A03664F71}.Release|Any CPU.ActiveCfg = Release|Any CPU
		{5245F468-DAD7-478C-8E5F-518A03664F71}.Release|Any CPU.Build.0 = Release|Any CPU
		{5245F468-DAD7-478C-8E5F-518A03664F71}.Release|x64.ActiveCfg = Release|Any CPU
		{5245F468-DAD7-478C-8E5F-518A03664F71}.Release|x64.Build.0 = Release|Any CPU
		{5245F468-DAD7-478C-8E5F-518A03664F71}.Release|x86.ActiveCfg = Release|Any CPU
		{5245F468-DAD7-478C-8E5F-518A03664F71}.Release|x86.Build.0 = Release|Any CPU
		{5B228160-ECB9-4DFC-91D7-413AE9900617}.Debug|Any CPU.ActiveCfg = Debug|Any CPU
		{5B228160-ECB9-4DFC-91D7-413AE9900617}.Debug|Any CPU.Build.0 = Debug|Any CPU
		{5B228160-ECB9-4DFC-91D7-413AE9900617}.Debug|x64.ActiveCfg = Debug|Any CPU
		{5B228160-ECB9-4DFC-91D7-413AE9900617}.Debug|x64.Build.0 = Debug|Any CPU
		{5B228160-ECB9-4DFC-91D7-413AE9900617}.Debug|x86.ActiveCfg = Debug|Any CPU
		{5B228160-ECB9-4DFC-91D7-413AE9900617}.Debug|x86.Build.0 = Debug|Any CPU
		{5B228160-ECB9-4DFC-91D7-413AE9900617}.Release|Any CPU.ActiveCfg = Release|Any CPU
		{5B228160-ECB9-4DFC-91D7-413AE9900617}.Release|Any CPU.Build.0 = Release|Any CPU
		{5B228160-ECB9-4DFC-91D7-413AE9900617}.Release|x64.ActiveCfg = Release|Any CPU
		{5B228160-ECB9-4DFC-91D7-413AE9900617}.Release|x64.Build.0 = Release|Any CPU
		{5B228160-ECB9-4DFC-91D7-413AE9900617}.Release|x86.ActiveCfg = Release|Any CPU
		{5B228160-ECB9-4DFC-91D7-413AE9900617}.Release|x86.Build.0 = Release|Any CPU
		{2D7BC534-E63F-4FC2-84F1-62BC0E8A1395}.Debug|Any CPU.ActiveCfg = Debug|Any CPU
		{2D7BC534-E63F-4FC2-84F1-62BC0E8A1395}.Debug|Any CPU.Build.0 = Debug|Any CPU
		{2D7BC534-E63F-4FC2-84F1-62BC0E8A1395}.Debug|x64.ActiveCfg = Debug|Any CPU
		{2D7BC534-E63F-4FC2-84F1-62BC0E8A1395}.Debug|x64.Build.0 = Debug|Any CPU
		{2D7BC534-E63F-4FC2-84F1-62BC0E8A1395}.Debug|x86.ActiveCfg = Debug|Any CPU
		{2D7BC534-E63F-4FC2-84F1-62BC0E8A1395}.Debug|x86.Build.0 = Debug|Any CPU
		{2D7BC534-E63F-4FC2-84F1-62BC0E8A1395}.Release|Any CPU.ActiveCfg = Release|Any CPU
		{2D7BC534-E63F-4FC2-84F1-62BC0E8A1395}.Release|Any CPU.Build.0 = Release|Any CPU
		{2D7BC534-E63F-4FC2-84F1-62BC0E8A1395}.Release|x64.ActiveCfg = Release|Any CPU
		{2D7BC534-E63F-4FC2-84F1-62BC0E8A1395}.Release|x64.Build.0 = Release|Any CPU
		{2D7BC534-E63F-4FC2-84F1-62BC0E8A1395}.Release|x86.ActiveCfg = Release|Any CPU
		{2D7BC534-E63F-4FC2-84F1-62BC0E8A1395}.Release|x86.Build.0 = Release|Any CPU
		{0ACF3F64-A87C-487C-B780-B39327C1B801}.Debug|Any CPU.ActiveCfg = Debug|Any CPU
		{0ACF3F64-A87C-487C-B780-B39327C1B801}.Debug|Any CPU.Build.0 = Debug|Any CPU
		{0ACF3F64-A87C-487C-B780-B39327C1B801}.Debug|x64.ActiveCfg = Debug|Any CPU
		{0ACF3F64-A87C-487C-B780-B39327C1B801}.Debug|x64.Build.0 = Debug|Any CPU
		{0ACF3F64-A87C-487C-B780-B39327C1B801}.Debug|x86.ActiveCfg = Debug|Any CPU
		{0ACF3F64-A87C-487C-B780-B39327C1B801}.Debug|x86.Build.0 = Debug|Any CPU
		{0ACF3F64-A87C-487C-B780-B39327C1B801}.Release|Any CPU.ActiveCfg = Release|Any CPU
		{0ACF3F64-A87C-487C-B780-B39327C1B801}.Release|Any CPU.Build.0 = Release|Any CPU
		{0ACF3F64-A87C-487C-B780-B39327C1B801}.Release|x64.ActiveCfg = Release|Any CPU
		{0ACF3F64-A87C-487C-B780-B39327C1B801}.Release|x64.Build.0 = Release|Any CPU
		{0ACF3F64-A87C-487C-B780-B39327C1B801}.Release|x86.ActiveCfg = Release|Any CPU
		{0ACF3F64-A87C-487C-B780-B39327C1B801}.Release|x86.Build.0 = Release|Any CPU
		{74337D8E-5EC6-4E5F-9E9E-F2B59E8ECABB}.Debug|Any CPU.ActiveCfg = Debug|Any CPU
		{74337D8E-5EC6-4E5F-9E9E-F2B59E8ECABB}.Debug|Any CPU.Build.0 = Debug|Any CPU
		{74337D8E-5EC6-4E5F-9E9E-F2B59E8ECABB}.Debug|x64.ActiveCfg = Debug|Any CPU
		{74337D8E-5EC6-4E5F-9E9E-F2B59E8ECABB}.Debug|x64.Build.0 = Debug|Any CPU
		{74337D8E-5EC6-4E5F-9E9E-F2B59E8ECABB}.Debug|x86.ActiveCfg = Debug|Any CPU
		{74337D8E-5EC6-4E5F-9E9E-F2B59E8ECABB}.Debug|x86.Build.0 = Debug|Any CPU
		{74337D8E-5EC6-4E5F-9E9E-F2B59E8ECABB}.Release|Any CPU.ActiveCfg = Release|Any CPU
		{74337D8E-5EC6-4E5F-9E9E-F2B59E8ECABB}.Release|Any CPU.Build.0 = Release|Any CPU
		{74337D8E-5EC6-4E5F-9E9E-F2B59E8ECABB}.Release|x64.ActiveCfg = Release|Any CPU
		{74337D8E-5EC6-4E5F-9E9E-F2B59E8ECABB}.Release|x64.Build.0 = Release|Any CPU
		{74337D8E-5EC6-4E5F-9E9E-F2B59E8ECABB}.Release|x86.ActiveCfg = Release|Any CPU
		{74337D8E-5EC6-4E5F-9E9E-F2B59E8ECABB}.Release|x86.Build.0 = Release|Any CPU
		{E988ECF3-E096-4F29-88C0-27B50FD6C703}.Debug|Any CPU.ActiveCfg = Debug|Any CPU
		{E988ECF3-E096-4F29-88C0-27B50FD6C703}.Debug|Any CPU.Build.0 = Debug|Any CPU
		{E988ECF3-E096-4F29-88C0-27B50FD6C703}.Debug|x64.ActiveCfg = Debug|Any CPU
		{E988ECF3-E096-4F29-88C0-27B50FD6C703}.Debug|x64.Build.0 = Debug|Any CPU
		{E988ECF3-E096-4F29-88C0-27B50FD6C703}.Debug|x86.ActiveCfg = Debug|Any CPU
		{E988ECF3-E096-4F29-88C0-27B50FD6C703}.Debug|x86.Build.0 = Debug|Any CPU
		{E988ECF3-E096-4F29-88C0-27B50FD6C703}.Release|Any CPU.ActiveCfg = Release|Any CPU
		{E988ECF3-E096-4F29-88C0-27B50FD6C703}.Release|Any CPU.Build.0 = Release|Any CPU
		{E988ECF3-E096-4F29-88C0-27B50FD6C703}.Release|x64.ActiveCfg = Release|Any CPU
		{E988ECF3-E096-4F29-88C0-27B50FD6C703}.Release|x64.Build.0 = Release|Any CPU
		{E988ECF3-E096-4F29-88C0-27B50FD6C703}.Release|x86.ActiveCfg = Release|Any CPU
		{E988ECF3-E096-4F29-88C0-27B50FD6C703}.Release|x86.Build.0 = Release|Any CPU
		{E0FF2DD8-E4B8-4495-92FA-F17AF9B78086}.Debug|Any CPU.ActiveCfg = Debug|Any CPU
		{E0FF2DD8-E4B8-4495-92FA-F17AF9B78086}.Debug|Any CPU.Build.0 = Debug|Any CPU
		{E0FF2DD8-E4B8-4495-92FA-F17AF9B78086}.Debug|x64.ActiveCfg = Debug|Any CPU
		{E0FF2DD8-E4B8-4495-92FA-F17AF9B78086}.Debug|x64.Build.0 = Debug|Any CPU
		{E0FF2DD8-E4B8-4495-92FA-F17AF9B78086}.Debug|x86.ActiveCfg = Debug|Any CPU
		{E0FF2DD8-E4B8-4495-92FA-F17AF9B78086}.Debug|x86.Build.0 = Debug|Any CPU
		{E0FF2DD8-E4B8-4495-92FA-F17AF9B78086}.Release|Any CPU.ActiveCfg = Release|Any CPU
		{E0FF2DD8-E4B8-4495-92FA-F17AF9B78086}.Release|Any CPU.Build.0 = Release|Any CPU
		{E0FF2DD8-E4B8-4495-92FA-F17AF9B78086}.Release|x64.ActiveCfg = Release|Any CPU
		{E0FF2DD8-E4B8-4495-92FA-F17AF9B78086}.Release|x64.Build.0 = Release|Any CPU
		{E0FF2DD8-E4B8-4495-92FA-F17AF9B78086}.Release|x86.ActiveCfg = Release|Any CPU
		{E0FF2DD8-E4B8-4495-92FA-F17AF9B78086}.Release|x86.Build.0 = Release|Any CPU
	EndGlobalSection
	GlobalSection(SolutionProperties) = preSolution
		HideSolutionNode = FALSE
	EndGlobalSection
	GlobalSection(NestedProjects) = preSolution
		{5B228160-ECB9-4DFC-91D7-413AE9900617} = {E2FF2BB3-AF37-44BA-BD84-999B352D814E}
		{2D7BC534-E63F-4FC2-84F1-62BC0E8A1395} = {1515B0F2-1419-4778-92A8-430A8B4931F7}
		{0ACF3F64-A87C-487C-B780-B39327C1B801} = {1515B0F2-1419-4778-92A8-430A8B4931F7}
		{74337D8E-5EC6-4E5F-9E9E-F2B59E8ECABB} = {E2FF2BB3-AF37-44BA-BD84-999B352D814E}
		{E988ECF3-E096-4F29-88C0-27B50FD6C703} = {1515B0F2-1419-4778-92A8-430A8B4931F7}
		{E0FF2DD8-E4B8-4495-92FA-F17AF9B78086} = {1515B0F2-1419-4778-92A8-430A8B4931F7}
	EndGlobalSection
EndGlobal
